{
  "nodes": {
    "devenv": {
      "locked": {
        "dir": "src/modules",
        "lastModified": 1773767086,
        "narHash": "sha256-3eKyl4LXswf6P17/u59x8oQXDgCfYX+UX0uh7YHFwJc=",
        "owner": "cachix",
        "repo": "devenv",
        "rev": "a5e5a7f8b1c9a7f33f9d82192b692768b39ec710",
        "type": "github"
      },
      "original": {
        "dir": "src/modules",
        "owner": "cachix",
        "repo": "devenv",
        "type": "github"
      }
    },
    "flake-compat": {
      "flake": false,
      "locked": {
        "lastModified": 1767039857,
        "narHash": "sha256-vNpUSpF5Nuw8xvDLj2KCwwksIbjua2LZCqhV1LNRDns=",
        "owner": "NixOS",
        "repo": "flake-compat",
        "rev": "5edf11c44bc78a0d334f6334cdaf7d60d732daab",
        "type": "github"
      },
      "original": {
        "owner": "NixOS",
        "repo": "flake-compat",
        "type": "github"
      }
    },
    "git-hooks": {
      "inputs": {
        "flake-compat": "flake-compat",
        "gitignore": "gitignore",
        "nixpkgs": "nixpkgs"
      },
      "locked": {
        "lastModified": 1772893680,
        "narHash": "sha256-JDqZMgxUTCq85ObSaFw0HhE+lvdOre1lx9iI6vYyOEs=",
        "owner": "cachix",
        "repo": "git-hooks.nix",
        "rev": "8baab586afc9c9b57645a734c820e4ac0a604af9",
        "type": "github"
      },
      "original": {
        "owner": "cachix",
        "repo": "git-hooks.nix",
        "type": "github"
      }
    },
    "gitignore": {
      "inputs": {
        "nixpkgs": [
          "git-hooks",
          "nixpkgs"
        ]
      },
      "locked": {
        "lastModified": 1709087332,
        "narHash": "sha256-HG2cCnktfHsKV0s4XW83gU3F57gaTljL9KNSuG6bnQs=",
        "owner": "hercules-ci",
        "repo": "gitignore.nix",
        "rev": "637db329424fd7e46cf4185293b9cc8c88c95394",
        "type": "github"
      },
      "original": {
        "owner": "hercules-ci",
        "repo": "gitignore.nix",
        "type": "github"
      }
    },
    "nixpkgs": {
      "locked": {
        "lastModified": 1770073757,
        "narHash": "sha256-Vy+G+F+3E/Tl+GMNgiHl9Pah2DgShmIUBJXmbiQPHbI=",
        "owner": "NixOS",
        "repo": "nixpkgs",
        "rev": "47472570b1e607482890801aeaf29bfb749884f6",
        "type": "github"
      },
      "original": {
        "owner": "NixOS",
        "ref": "nixpkgs-unstable",
        "repo": "nixpkgs",
        "type": "github"
      }
    },
    "nixpkgs_2": {
      "locked": {
        "lastModified": 1773597492,
        "narHash": "sha256-hQ284SkIeNaeyud+LS0WVLX+WL2rxcVZLFEaK0e03zg=",
        "owner": "NixOS",
        "repo": "nixpkgs",
        "rev": "a07d4ce6bee67d7c838a8a5796e75dff9caa21ef",
        "type": "github"
      },
      "original": {
        "owner": "NixOS",
        "ref": "nixpkgs-unstable",
        "repo": "nixpkgs",
        "type": "github"
      }
    },
    "root": {
      "inputs": {
        "devenv": "devenv",
        "git-hooks": "git-hooks",
        "nixpkgs": "nixpkgs_2"
      }
    }
  },
  "root": "root",
  "version": 7
}